// !$*UTF8*$!
{
	archiveVersion = 1;
	classes = {
	};
	objectVersion = 50;
	objects = {

/* Begin PBXBuildFile section */
		AC6EF1A823A546D700D6A986 /* AppDelegate.swift in Sources */ = {isa = PBXBuildFile; fileRef = AC6EF1A723A546D700D6A986 /* AppDelegate.swift */; };
		AC6EF1AA23A546D700D6A986 /* SceneDelegate.swift in Sources */ = {isa = PBXBuildFile; fileRef = AC6EF1A923A546D700D6A986 /* SceneDelegate.swift */; };
		AC6EF1AC23A546D700D6A986 /* ContentView.swift in Sources */ = {isa = PBXBuildFile; fileRef = AC6EF1AB23A546D700D6A986 /* ContentView.swift */; };
		AC6EF1AE23A546D900D6A986 /* Assets.xcassets in Resources */ = {isa = PBXBuildFile; fileRef = AC6EF1AD23A546D900D6A986 /* Assets.xcassets */; };
		AC6EF1B123A546D900D6A986 /* Preview Assets.xcassets in Resources */ = {isa = PBXBuildFile; fileRef = AC6EF1B023A546D900D6A986 /* Preview Assets.xcassets */; };
		AC6EF1B423A546D900D6A986 /* LaunchScreen.storyboard in Resources */ = {isa = PBXBuildFile; fileRef = AC6EF1B223A546D900D6A986 /* LaunchScreen.storyboard */; };
		AC6EF1BF23A546DA00D6A986 /* SwiftUIPracticeTests.swift in Sources */ = {isa = PBXBuildFile; fileRef = AC6EF1BE23A546DA00D6A986 /* SwiftUIPracticeTests.swift */; };
		AC6EF1CA23A546DA00D6A986 /* SwiftUIPracticeUITests.swift in Sources */ = {isa = PBXBuildFile; fileRef = AC6EF1C923A546DA00D6A986 /* SwiftUIPracticeUITests.swift */; };
		ACAFA938243A141800C2BC1A /* NanumSquareRegular.ttf in Resources */ = {isa = PBXBuildFile; fileRef = ACAFA937243A141800C2BC1A /* NanumSquareRegular.ttf */; };
		ACAFA93C2444C34D00C2BC1A /* Friend.swift in Sources */ = {isa = PBXBuildFile; fileRef = ACAFA93B2444C34D00C2BC1A /* Friend.swift */; };
		ACAFA93E244602F700C2BC1A /* FriendDetailView.swift in Sources */ = {isa = PBXBuildFile; fileRef = ACAFA93D244602F700C2BC1A /* FriendDetailView.swift */; };
		ACAFA943244730A100C2BC1A /* FriendDetailGridView.swift in Sources */ = {isa = PBXBuildFile; fileRef = ACAFA942244730A100C2BC1A /* FriendDetailGridView.swift */; };
		ACAFA946244730E500C2BC1A /* Array+extension.swift in Sources */ = {isa = PBXBuildFile; fileRef = ACAFA945244730E500C2BC1A /* Array+extension.swift */; };
		ACAFA948245962D500C2BC1A /* UserSettings.swift in Sources */ = {isa = PBXBuildFile; fileRef = ACAFA947245962D500C2BC1A /* UserSettings.swift */; };
/* End PBXBuildFile section */

/* Begin PBXContainerItemProxy section */
		AC6EF1BB23A546DA00D6A986 /* PBXContainerItemProxy */ = {
			isa = PBXContainerItemProxy;
			containerPortal = AC6EF19C23A546D700D6A986 /* Project object */;
			proxyType = 1;
			remoteGlobalIDString = AC6EF1A323A546D700D6A986;
			remoteInfo = SwiftUIPractice;
		};
		AC6EF1C623A546DA00D6A986 /* PBXContainerItemProxy */ = {
			isa = PBXContainerItemProxy;
			containerPortal = AC6EF19C23A546D700D6A986 /* Project object */;
			proxyType = 1;
			remoteGlobalIDString = AC6EF1A323A546D700D6A986;
			remoteInfo = SwiftUIPractice;
		};
/* End PBXContainerItemProxy section */

/* Begin PBXFileReference section */
		AC6EF1A423A546D700D6A986 /* SwiftUIPractice.app */ = {isa = PBXFileReference; explicitFileType = wrapper.application; includeInIndex = 0; path = SwiftUIPractice.app; sourceTree = BUILT_PRODUCTS_DIR; };
		AC6EF1A723A546D700D6A986 /* AppDelegate.swift */ = {isa = PBXFileReference; lastKnownFileType = sourcecode.swift; path = AppDelegate.swift; sourceTree = "<group>"; };
		AC6EF1A923A546D700D6A986 /* SceneDelegate.swift */ = {isa = PBXFileReference; lastKnownFileType = sourcecode.swift; path = SceneDelegate.swift; sourceTree = "<group>"; };
		AC6EF1AB23A546D700D6A986 /* ContentView.swift */ = {isa = PBXFileReference; lastKnownFileType = sourcecode.swift; path = ContentView.swift; sourceTree = "<group>"; };
		AC6EF1AD23A546D900D6A986 /* Assets.xcassets */ = {isa = PBXFileReference; lastKnownFileType = folder.assetcatalog; path = Assets.xcassets; sourceTree = "<group>"; };
		AC6EF1B023A546D900D6A986 /* Preview Assets.xcassets */ = {isa = PBXFileReference; lastKnownFileType = folder.assetcatalog; path = "Preview Assets.xcassets"; sourceTree = "<group>"; };
		AC6EF1B323A546D900D6A986 /* Base */ = {isa = PBXFileReference; lastKnownFileType = file.storyboard; name = Base; path = Base.lproj/LaunchScreen.storyboard; sourceTree = "<group>"; };
		AC6EF1B523A546D900D6A986 /* Info.plist */ = {isa = PBXFileReference; lastKnownFileType = text.plist.xml; path = Info.plist; sourceTree = "<group>"; };
		AC6EF1BA23A546DA00D6A986 /* SwiftUIPracticeTests.xctest */ = {isa = PBXFileReference; explicitFileType = wrapper.cfbundle; includeInIndex = 0; path = SwiftUIPracticeTests.xctest; sourceTree = BUILT_PRODUCTS_DIR; };
		AC6EF1BE23A546DA00D6A986 /* SwiftUIPracticeTests.swift */ = {isa = PBXFileReference; lastKnownFileType = sourcecode.swift; path = SwiftUIPracticeTests.swift; sourceTree = "<group>"; };
		AC6EF1C023A546DA00D6A986 /* Info.plist */ = {isa = PBXFileReference; lastKnownFileType = text.plist.xml; path = Info.plist; sourceTree = "<group>"; };
		AC6EF1C523A546DA00D6A986 /* SwiftUIPracticeUITests.xctest */ = {isa = PBXFileReference; explicitFileType = wrapper.cfbundle; includeInIndex = 0; path = SwiftUIPracticeUITests.xctest; sourceTree = BUILT_PRODUCTS_DIR; };
		AC6EF1C923A546DA00D6A986 /* SwiftUIPracticeUITests.swift */ = {isa = PBXFileReference; lastKnownFileType = sourcecode.swift; path = SwiftUIPracticeUITests.swift; sourceTree = "<group>"; };
		AC6EF1CB23A546DA00D6A986 /* Info.plist */ = {isa = PBXFileReference; lastKnownFileType = text.plist.xml; path = Info.plist; sourceTree = "<group>"; };
		ACAFA937243A141800C2BC1A /* NanumSquareRegular.ttf */ = {isa = PBXFileReference; lastKnownFileType = file; path = NanumSquareRegular.ttf; sourceTree = "<group>"; };
		ACAFA93B2444C34D00C2BC1A /* Friend.swift */ = {isa = PBXFileReference; lastKnownFileType = sourcecode.swift; path = Friend.swift; sourceTree = "<group>"; };
		ACAFA93D244602F700C2BC1A /* FriendDetailView.swift */ = {isa = PBXFileReference; lastKnownFileType = sourcecode.swift; path = FriendDetailView.swift; sourceTree = "<group>"; };
		ACAFA942244730A100C2BC1A /* FriendDetailGridView.swift */ = {isa = PBXFileReference; lastKnownFileType = sourcecode.swift; path = FriendDetailGridView.swift; sourceTree = "<group>"; };
		ACAFA945244730E500C2BC1A /* Array+extension.swift */ = {isa = PBXFileReference; lastKnownFileType = sourcecode.swift; path = "Array+extension.swift"; sourceTree = "<group>"; };
		ACAFA947245962D500C2BC1A /* UserSettings.swift */ = {isa = PBXFileReference; lastKnownFileType = sourcecode.swift; path = UserSettings.swift; sourceTree = "<group>"; };
/* End PBXFileReference section */

/* Begin PBXFrameworksBuildPhase section */
		AC6EF1A123A546D700D6A986 /* Frameworks */ = {
			isa = PBXFrameworksBuildPhase;
			buildActionMask = 2147483647;
			files = (
			);
			runOnlyForDeploymentPostprocessing = 0;
		};
		AC6EF1B723A546DA00D6A986 /* Frameworks */ = {
			isa = PBXFrameworksBuildPhase;
			buildActionMask = 2147483647;
			files = (
			);
			runOnlyForDeploymentPostprocessing = 0;
		};
		AC6EF1C223A546DA00D6A986 /* Frameworks */ = {
			isa = PBXFrameworksBuildPhase;
			buildActionMask = 2147483647;
			files = (
			);
			runOnlyForDeploymentPostprocessing = 0;
		};
/* End PBXFrameworksBuildPhase section */

/* Begin PBXGroup section */
		AC6EF19B23A546D700D6A986 = {
			isa = PBXGroup;
			children = (
				AC6EF1A623A546D700D6A986 /* SwiftUIPractice */,
				AC6EF1BD23A546DA00D6A986 /* SwiftUIPracticeTests */,
				AC6EF1C823A546DA00D6A986 /* SwiftUIPracticeUITests */,
				AC6EF1A523A546D700D6A986 /* Products */,
			);
			sourceTree = "<group>";
		};
		AC6EF1A523A546D700D6A986 /* Products */ = {
			isa = PBXGroup;
			children = (
				AC6EF1A423A546D700D6A986 /* SwiftUIPractice.app */,
				AC6EF1BA23A546DA00D6A986 /* SwiftUIPracticeTests.xctest */,
				AC6EF1C523A546DA00D6A986 /* SwiftUIPracticeUITests.xctest */,
			);
			name = Products;
			sourceTree = "<group>";
		};
		AC6EF1A623A546D700D6A986 /* SwiftUIPractice */ = {
			isa = PBXGroup;
			children = (
				ACAFA944244730BC00C2BC1A /* Extensions */,
				ACAFA93A2444C33A00C2BC1A /* Model */,
				ACAFA939243A16C900C2BC1A /* Resource */,
				ACAFA9412447305B00C2BC1A /* View */,
				AC6EF1A723A546D700D6A986 /* AppDelegate.swift */,
				AC6EF1A923A546D700D6A986 /* SceneDelegate.swift */,
				AC6EF1B223A546D900D6A986 /* LaunchScreen.storyboard */,
				AC6EF1B523A546D900D6A986 /* Info.plist */,
				AC6EF1AF23A546D900D6A986 /* Preview Content */,
			);
			path = SwiftUIPractice;
			sourceTree = "<group>";
		};
		AC6EF1AF23A546D900D6A986 /* Preview Content */ = {
			isa = PBXGroup;
			children = (
				AC6EF1B023A546D900D6A986 /* Preview Assets.xcassets */,
			);
			path = "Preview Content";
			sourceTree = "<group>";
		};
		AC6EF1BD23A546DA00D6A986 /* SwiftUIPracticeTests */ = {
			isa = PBXGroup;
			children = (
				AC6EF1BE23A546DA00D6A986 /* SwiftUIPracticeTests.swift */,
				AC6EF1C023A546DA00D6A986 /* Info.plist */,
			);
			path = SwiftUIPracticeTests;
			sourceTree = "<group>";
		};
		AC6EF1C823A546DA00D6A986 /* SwiftUIPracticeUITests */ = {
			isa = PBXGroup;
			children = (
				AC6EF1C923A546DA00D6A986 /* SwiftUIPracticeUITests.swift */,
				AC6EF1CB23A546DA00D6A986 /* Info.plist */,
			);
			path = SwiftUIPracticeUITests;
			sourceTree = "<group>";
		};
		ACAFA939243A16C900C2BC1A /* Resource */ = {
			isa = PBXGroup;
			children = (
				ACAFA937243A141800C2BC1A /* NanumSquareRegular.ttf */,
				AC6EF1AD23A546D900D6A986 /* Assets.xcassets */,
			);
			path = Resource;
			sourceTree = "<group>";
		};
		ACAFA93A2444C33A00C2BC1A /* Model */ = {
			isa = PBXGroup;
			children = (
				ACAFA93B2444C34D00C2BC1A /* Friend.swift */,
				ACAFA947245962D500C2BC1A /* UserSettings.swift */,
			);
			path = Model;
			sourceTree = "<group>";
		};
		ACAFA9412447305B00C2BC1A /* View */ = {
			isa = PBXGroup;
			children = (
				AC6EF1AB23A546D700D6A986 /* ContentView.swift */,
				ACAFA93D244602F700C2BC1A /* FriendDetailView.swift */,
				ACAFA942244730A100C2BC1A /* FriendDetailGridView.swift */,
			);
			path = View;
			sourceTree = "<group>";
		};
		ACAFA944244730BC00C2BC1A /* Extensions */ = {
			isa = PBXGroup;
			children = (
				ACAFA945244730E500C2BC1A /* Array+extension.swift */,
			);
			path = Extensions;
			sourceTree = "<group>";
		};
/* End PBXGroup section */

/* Begin PBXNativeTarget section */
		AC6EF1A323A546D700D6A986 /* SwiftUIPractice */ = {
			isa = PBXNativeTarget;
			buildConfigurationList = AC6EF1CE23A546DA00D6A986 /* Build configuration list for PBXNativeTarget "SwiftUIPractice" */;
			buildPhases = (
				AC6EF1A023A546D700D6A986 /* Sources */,
				AC6EF1A123A546D700D6A986 /* Frameworks */,
				AC6EF1A223A546D700D6A986 /* Resources */,
			);
			buildRules = (
			);
			dependencies = (
			);
			name = SwiftUIPractice;
			productName = SwiftUIPractice;
			productReference = AC6EF1A423A546D700D6A986 /* SwiftUIPractice.app */;
			productType = "com.apple.product-type.application";
		};
		AC6EF1B923A546DA00D6A986 /* SwiftUIPracticeTests */ = {
			isa = PBXNativeTarget;
			buildConfigurationList = AC6EF1D123A546DA00D6A986 /* Build configuration list for PBXNativeTarget "SwiftUIPracticeTests" */;
			buildPhases = (
				AC6EF1B623A546DA00D6A986 /* Sources */,
				AC6EF1B723A546DA00D6A986 /* Frameworks */,
				AC6EF1B823A546DA00D6A986 /* Resources */,
			);
			buildRules = (
			);
			dependencies = (
				AC6EF1BC23A546DA00D6A986 /* PBXTargetDependency */,
			);
			name = SwiftUIPracticeTests;
			productName = SwiftUIPracticeTests;
			productReference = AC6EF1BA23A546DA00D6A986 /* SwiftUIPracticeTests.xctest */;
			productType = "com.apple.product-type.bundle.unit-test";
		};
		AC6EF1C423A546DA00D6A986 /* SwiftUIPracticeUITests */ = {
			isa = PBXNativeTarget;
			buildConfigurationList = AC6EF1D423A546DA00D6A986 /* Build configuration list for PBXNativeTarget "SwiftUIPracticeUITests" */;
			buildPhases = (
				AC6EF1C123A546DA00D6A986 /* Sources */,
				AC6EF1C223A546DA00D6A986 /* Frameworks */,
				AC6EF1C323A546DA00D6A986 /* Resources */,
			);
			buildRules = (
			);
			dependencies = (
				AC6EF1C723A546DA00D6A986 /* PBXTargetDependency */,
			);
			name = SwiftUIPracticeUITests;
			productName = SwiftUIPracticeUITests;
			productReference = AC6EF1C523A546DA00D6A986 /* SwiftUIPracticeUITests.xctest */;
			productType = "com.apple.product-type.bundle.ui-testing";
		};
/* End PBXNativeTarget section */

/* Begin PBXProject section */
		AC6EF19C23A546D700D6A986 /* Project object */ = {
			isa = PBXProject;
			attributes = {
				LastSwiftUpdateCheck = 1130;
				LastUpgradeCheck = 1130;
				ORGANIZATIONNAME = eunjin;
				TargetAttributes = {
					AC6EF1A323A546D700D6A986 = {
						CreatedOnToolsVersion = 11.3;
					};
					AC6EF1B923A546DA00D6A986 = {
						CreatedOnToolsVersion = 11.3;
						TestTargetID = AC6EF1A323A546D700D6A986;
					};
					AC6EF1C423A546DA00D6A986 = {
						CreatedOnToolsVersion = 11.3;
						TestTargetID = AC6EF1A323A546D700D6A986;
					};
				};
			};
			buildConfigurationList = AC6EF19F23A546D700D6A986 /* Build configuration list for PBXProject "SwiftUIPractice" */;
			compatibilityVersion = "Xcode 9.3";
			developmentRegion = en;
			hasScannedForEncodings = 0;
			knownRegions = (
				en,
				Base,
			);
			mainGroup = AC6EF19B23A546D700D6A986;
			productRefGroup = AC6EF1A523A546D700D6A986 /* Products */;
			projectDirPath = "";
			projectRoot = "";
			targets = (
				AC6EF1A323A546D700D6A986 /* SwiftUIPractice */,
				AC6EF1B923A546DA00D6A986 /* SwiftUIPracticeTests */,
				AC6EF1C423A546DA00D6A986 /* SwiftUIPracticeUITests */,
			);
		};
/* End PBXProject section */

/* Begin PBXResourcesBuildPhase section */
		AC6EF1A223A546D700D6A986 /* Resources */ = {
			isa = PBXResourcesBuildPhase;
			buildActionMask = 2147483647;
			files = (
				ACAFA938243A141800C2BC1A /* NanumSquareRegular.ttf in Resources */,
				AC6EF1B423A546D900D6A986 /* LaunchScreen.storyboard in Resources */,
				AC6EF1B123A546D900D6A986 /* Preview Assets.xcassets in Resources */,
				AC6EF1AE23A546D900D6A986 /* Assets.xcassets in Resources */,
			);
			runOnlyForDeploymentPostprocessing = 0;
		};
		AC6EF1B823A546DA00D6A986 /* Resources */ = {
			isa = PBXResourcesBuildPhase;
			buildActionMask = 2147483647;
			files = (
			);
			runOnlyForDeploymentPostprocessing = 0;
		};
		AC6EF1C323A546DA00D6A986 /* Resources */ = {
			isa = PBXResourcesBuildPhase;
			buildActionMask = 2147483647;
			files = (
			);
			runOnlyForDeploymentPostprocessing = 0;
		};
/* End PBXResourcesBuildPhase section */

/* Begin PBXSourcesBuildPhase section */
		AC6EF1A023A546D700D6A986 /* Sources */ = {
			isa = PBXSourcesBuildPhase;
			buildActionMask = 2147483647;
			files = (
				AC6EF1A823A546D700D6A986 /* AppDelegate.swift in Sources */,
				ACAFA943244730A100C2BC1A /* FriendDetailGridView.swift in Sources */,
				AC6EF1AA23A546D700D6A986 /* SceneDelegate.swift in Sources */,
				AC6EF1AC23A546D700D6A986 /* ContentView.swift in Sources */,
				ACAFA93C2444C34D00C2BC1A /* Friend.swift in Sources */,
				ACAFA948245962D500C2BC1A /* UserSettings.swift in Sources */,
				ACAFA946244730E500C2BC1A /* Array+extension.swift in Sources */,
				ACAFA93E244602F700C2BC1A /* FriendDetailView.swift in Sources */,
			);
			runOnlyForDeploymentPostprocessing = 0;
		};
		AC6EF1B623A546DA00D6A986 /* Sources */ = {
			isa = PBXSourcesBuildPhase;
			buildActionMask = 2147483647;
			files = (
				AC6EF1BF23A546DA00D6A986 /* SwiftUIPracticeTests.swift in Sources */,
			);
			runOnlyForDeploymentPostprocessing = 0;
		};
		AC6EF1C123A546DA00D6A986 /* Sources */ = {
			isa = PBXSourcesBuildPhase;
			buildActionMask = 2147483647;
			files = (
				AC6EF1CA23A546DA00D6A986 /* SwiftUIPracticeUITests.swift in Sources */,
			);
			runOnlyForDeploymentPostprocessing = 0;
		};
/* End PBXSourcesBuildPhase section */

/* Begin PBXTargetDependency section */
		AC6EF1BC23A546DA00D6A986 /* PBXTargetDependency */ = {
			isa = PBXTargetDependency;
			target = AC6EF1A323A546D700D6A986 /* SwiftUIPractice */;
			targetProxy = AC6EF1BB23A546DA00D6A986 /* PBXContainerItemProxy */;
		};
		AC6EF1C723A546DA00D6A986 /* PBXTargetDependency */ = {
			isa = PBXTargetDependency;
			target = AC6EF1A323A546D700D6A986 /* SwiftUIPractice */;
			targetProxy = AC6EF1C623A546DA00D6A986 /* PBXContainerItemProxy */;
		};
/* End PBXTargetDependency section */

/* Begin PBXVariantGroup section */
		AC6EF1B223A546D900D6A986 /* LaunchScreen.storyboard */ = {
			isa = PBXVariantGroup;
			children = (
				AC6EF1B323A546D900D6A986 /* Base */,
			);
			name = LaunchScreen.storyboard;
			sourceTree = "<group>";
		};
/* End PBXVariantGroup section */

/* Begin XCBuildConfiguration section */
		AC6EF1CC23A546DA00D6A986 /* Debug */ = {
			isa = XCBuildConfiguration;
			buildSettings = {
				ALWAYS_SEARCH_USER_PATHS = NO;
				CLANG_ANALYZER_NONNULL = YES;
				CLANG_ANALYZER_NUMBER_OBJECT_CONVERSION = YES_AGGRESSIVE;
				CLANG_CXX_LANGUAGE_STANDARD = "gnu++14";
				CLANG_CXX_LIBRARY = "libc++";
				CLANG_ENABLE_MODULES = YES;
				CLANG_ENABLE_OBJC_ARC = YES;
				CLANG_ENABLE_OBJC_WEAK = YES;
				CLANG_WARN_BLOCK_CAPTURE_AUTORELEASING = YES;
				CLANG_WARN_BOOL_CONVERSION = YES;
				CLANG_WARN_COMMA = YES;
				CLANG_WARN_CONSTANT_CONVERSION = YES;
				CLANG_WARN_DEPRECATED_OBJC_IMPLEMENTATIONS = YES;
				CLANG_WARN_DIRECT_OBJC_ISA_USAGE = YES_ERROR;
				CLANG_WARN_DOCUMENTATION_COMMENTS = YES;
				CLANG_WARN_EMPTY_BODY = YES;
				CLANG_WARN_ENUM_CONVERSION = YES;
				CLANG_WARN_INFINITE_RECURSION = YES;
				CLANG_WARN_INT_CONVERSION = YES;
				CLANG_WARN_NON_LITERAL_NULL_CONVERSION = YES;
				CLANG_WARN_OBJC_IMPLICIT_RETAIN_SELF = YES;
				CLANG_WARN_OBJC_LITERAL_CONVERSION = YES;
				CLANG_WARN_OBJC_ROOT_CLASS = YES_ERROR;
				CLANG_WARN_RANGE_LOOP_ANALYSIS = YES;
				CLANG_WARN_STRICT_PROTOTYPES = YES;
				CLANG_WARN_SUSPICIOUS_MOVE = YES;
				CLANG_WARN_UNGUARDED_AVAILABILITY = YES_AGGRESSIVE;
				CLANG_WARN_UNREACHABLE_CODE = YES;
				CLANG_WARN__DUPLICATE_METHOD_MATCH = YES;
				COPY_PHASE_STRIP = NO;
				DEBUG_INFORMATION_FORMAT = dwarf;
				ENABLE_STRICT_OBJC_MSGSEND = YES;
				ENABLE_TESTABILITY = YES;
				GCC_C_LANGUAGE_STANDARD = gnu11;
				GCC_DYNAMIC_NO_PIC = NO;
				GCC_NO_COMMON_BLOCKS = YES;
				GCC_OPTIMIZATION_LEVEL = 0;
				GCC_PREPROCESSOR_DEFINITIONS = (
					"DEBUG=1",
					"$(inherited)",
				);
				GCC_WARN_64_TO_32_BIT_CONVERSION = YES;
				GCC_WARN_ABOUT_RETURN_TYPE = YES_ERROR;
				GCC_WARN_UNDECLARED_SELECTOR = YES;
				GCC_WARN_UNINITIALIZED_AUTOS = YES_AGGRESSIVE;
				GCC_WARN_UNUSED_FUNCTION = YES;
				GCC_WARN_UNUSED_VARIABLE = YES;
				IPHONEOS_DEPLOYMENT_TARGET = 13.2;
				MTL_ENABLE_DEBUG_INFO = INCLUDE_SOURCE;
				MTL_FAST_MATH = YES;
				ONLY_ACTIVE_ARCH = YES;
				SDKROOT = iphoneos;
				SWIFT_ACTIVE_COMPILATION_CONDITIONS = DEBUG;
				SWIFT_OPTIMIZATION_LEVEL = "-Onone";
			};
			name = Debug;
		};
		AC6EF1CD23A546DA00D6A986 /* Release */ = {
			isa = XCBuildConfiguration;
			buildSettings = {
				ALWAYS_SEARCH_USER_PATHS = NO;
				CLANG_ANALYZER_NONNULL = YES;
				CLANG_ANALYZER_NUMBER_OBJECT_CONVERSION = YES_AGGRESSIVE;
				CLANG_CXX_LANGUAGE_STANDARD = "gnu++14";
				CLANG_CXX_LIBRARY = "libc++";
				CLANG_ENABLE_MODULES = YES;
				CLANG_ENABLE_OBJC_ARC = YES;
				CLANG_ENABLE_OBJC_WEAK = YES;
				CLANG_WARN_BLOCK_CAPTURE_AUTORELEASING = YES;
				CLANG_WARN_BOOL_CONVERSION = YES;
				CLANG_WARN_COMMA = YES;
				CLANG_WARN_CONSTANT_CONVERSION = YES;
				CLANG_WARN_DEPRECATED_OBJC_IMPLEMENTATIONS = YES;
				CLANG_WARN_DIRECT_OBJC_ISA_USAGE = YES_ERROR;
				CLANG_WARN_DOCUMENTATION_COMMENTS = YES;
				CLANG_WARN_EMPTY_BODY = YES;
				CLANG_WARN_ENUM_CONVERSION = YES;
				CLANG_WARN_INFINITE_RECURSION = YES;
				CLANG_WARN_INT_CONVERSION = YES;
				CLANG_WARN_NON_LITERAL_NULL_CONVERSION = YES;
				CLANG_WARN_OBJC_IMPLICIT_RETAIN_SELF = YES;
				CLANG_WARN_OBJC_LITERAL_CONVERSION = YES;
				CLANG_WARN_OBJC_ROOT_CLASS = YES_ERROR;
				CLANG_WARN_RANGE_LOOP_ANALYSIS = YES;
				CLANG_WARN_STRICT_PROTOTYPES = YES;
				CLANG_WARN_SUSPICIOUS_MOVE = YES;
				CLANG_WARN_UNGUARDED_AVAILABILITY = YES_AGGRESSIVE;
				CLANG_WARN_UNREACHABLE_CODE = YES;
				CLANG_WARN__DUPLICATE_METHOD_MATCH = YES;
				COPY_PHASE_STRIP = NO;
				DEBUG_INFORMATION_FORMAT = "dwarf-with-dsym";
				ENABLE_NS_ASSERTIONS = NO;
				ENABLE_STRICT_OBJC_MSGSEND = YES;
				GCC_C_LANGUAGE_STANDARD = gnu11;
				GCC_NO_COMMON_BLOCKS = YES;
				GCC_WARN_64_TO_32_BIT_CONVERSION = YES;
				GCC_WARN_ABOUT_RETURN_TYPE = YES_ERROR;
				GCC_WARN_UNDECLARED_SELECTOR = YES;
				GCC_WARN_UNINITIALIZED_AUTOS = YES_AGGRESSIVE;
				GCC_WARN_UNUSED_FUNCTION = YES;
				GCC_WARN_UNUSED_VARIABLE = YES;
				IPHONEOS_DEPLOYMENT_TARGET = 13.2;
				MTL_ENABLE_DEBUG_INFO = NO;
				MTL_FAST_MATH = YES;
				SDKROOT = iphoneos;
				SWIFT_COMPILATION_MODE = wholemodule;
				SWIFT_OPTIMIZATION_LEVEL = "-O";
				VALIDATE_PRODUCT = YES;
			};
			name = Release;
		};
		AC6EF1CF23A546DA00D6A986 /* Debug */ = {
			isa = XCBuildConfiguration;
			buildSettings = {
				ASSETCATALOG_COMPILER_APPICON_NAME = AppIcon;
				CODE_SIGN_STYLE = Automatic;
				DEVELOPMENT_ASSET_PATHS = "\"SwiftUIPractice/Preview Content\"";
				DEVELOPMENT_TEAM = 6C4YL9RLK7;
				ENABLE_PREVIEWS = YES;
				INFOPLIST_FILE = SwiftUIPractice/Info.plist;
				LD_RUNPATH_SEARCH_PATHS = (
					"$(inherited)",
					"@executable_path/Frameworks",
				);
				PRODUCT_BUNDLE_IDENTIFIER = com.eunjin.SwiftUIPractice;
				PRODUCT_NAME = "$(TARGET_NAME)";
				SWIFT_VERSION = 5.0;
				TARGETED_DEVICE_FAMILY = "1,2";
			};
			name = Debug;
		};
		AC6EF1D023A546DA00D6A986 /* Release */ = {
			isa = XCBuildConfiguration;
			buildSettings = {
				ASSETCATALOG_COMPILER_APPICON_NAME = AppIcon;
				CODE_SIGN_STYLE = Automatic;
				DEVELOPMENT_ASSET_PATHS = "\"SwiftUIPractice/Preview Content\"";
				DEVELOPMENT_TEAM = 6C4YL9RLK7;
				ENABLE_PREVIEWS = YES;
				INFOPLIST_FILE = SwiftUIPractice/Info.plist;
				LD_RUNPATH_SEARCH_PATHS = (
					"$(inherited)",
					"@executable_path/Frameworks",
				);
				PRODUCT_BUNDLE_IDENTIFIER = com.eunjin.SwiftUIPractice;
				PRODUCT_NAME = "$(TARGET_NAME)";
				SWIFT_VERSION = 5.0;
				TARGETED_DEVICE_FAMILY = "1,2";
			};
			name = Release;
		};
		AC6EF1D223A546DA00D6A986 /* Debug */ = {
			isa = XCBuildConfiguration;
			buildSettings = {
				ALWAYS_EMBED_SWIFT_STANDARD_LIBRARIES = YES;
				BUNDLE_LOADER = "$(TEST_HOST)";
				CODE_SIGN_STYLE = Automatic;
				DEVELOPMENT_TEAM = 6C4YL9RLK7;
				INFOPLIST_FILE = SwiftUIPracticeTests/Info.plist;
				IPHONEOS_DEPLOYMENT_TARGET = 13.2;
				LD_RUNPATH_SEARCH_PATHS = (
					"$(inherited)",
					"@executable_path/Frameworks",
					"@loader_path/Frameworks",
				);
				PRODUCT_BUNDLE_IDENTIFIER = com.eunjin.SwiftUIPracticeTests;
				PRODUCT_NAME = "$(TARGET_NAME)";
				SWIFT_VERSION = 5.0;
				TARGETED_DEVICE_FAMILY = "1,2";
				TEST_HOST = "$(BUILT_PRODUCTS_DIR)/SwiftUIPractice.app/SwiftUIPractice";
			};
			name = Debug;
		};
		AC6EF1D323A546DA00D6A986 /* Release */ = {
			isa = XCBuildConfiguration;
			buildSettings = {
				ALWAYS_EMBED_SWIFT_STANDARD_LIBRARIES = YES;
				BUNDLE_LOADER = "$(TEST_HOST)";
				CODE_SIGN_STYLE = Automatic;
				DEVELOPMENT_TEAM = 6C4YL9RLK7;
				INFOPLIST_FILE = SwiftUIPracticeTests/Info.plist;
				IPHONEOS_DEPLOYMENT_TARGET = 13.2;
				LD_RUNPATH_SEARCH_PATHS = (
					"$(inherited)",
					"@executable_path/Frameworks",
					"@loader_path/Frameworks",
				);
				PRODUCT_BUNDLE_IDENTIFIER = com.eunjin.SwiftUIPracticeTests;
				PRODUCT_NAME = "$(TARGET_NAME)";
				SWIFT_VERSION = 5.0;
				TARGETED_DEVICE_FAMILY = "1,2";
				TEST_HOST = "$(BUILT_PRODUCTS_DIR)/SwiftUIPractice.app/SwiftUIPractice";
			};
			name = Release;
		};
		AC6EF1D523A546DA00D6A986 /* Debug */ = {
			isa = XCBuildConfiguration;
			buildSettings = {
				ALWAYS_EMBED_SWIFT_STANDARD_LIBRARIES = YES;
				CODE_SIGN_STYLE = Automatic;
				DEVELOPMENT_TEAM = 6C4YL9RLK7;
				INFOPLIST_FILE = SwiftUIPracticeUITests/Info.plist;
				LD_RUNPATH_SEARCH_PATHS = (
					"$(inherited)",
					"@executable_path/Frameworks",
					"@loader_path/Frameworks",
				);
				PRODUCT_BUNDLE_IDENTIFIER = com.eunjin.SwiftUIPracticeUITests;
				PRODUCT_NAME = "$(TARGET_NAME)";
				SWIFT_VERSION = 5.0;
				TARGETED_DEVICE_FAMILY = "1,2";
				TEST_TARGET_NAME = SwiftUIPractice;
			};
			name = Debug;
		};
		AC6EF1D623A546DA00D6A986 /* Release */ = {
			isa = XCBuildConfiguration;
			buildSettings = {
				ALWAYS_EMBED_SWIFT_STANDARD_LIBRARIES = YES;
				CODE_SIGN_STYLE = Automatic;
				DEVELOPMENT_TEAM = 6C4YL9RLK7;
				INFOPLIST_FILE = SwiftUIPracticeUITests/Info.plist;
				LD_RUNPATH_SEARCH_PATHS = (
					"$(inherited)",
					"@executable_path/Frameworks",
					"@loader_path/Frameworks",
				);
				PRODUCT_BUNDLE_IDENTIFIER = com.eunjin.SwiftUIPracticeUITests;
				PRODUCT_NAME = "$(TARGET_NAME)";
				SWIFT_VERSION = 5.0;
				TARGETED_DEVICE_FAMILY = "1,2";
				TEST_TARGET_NAME = SwiftUIPractice;
			};
			name = Release;
		};
/* End XCBuildConfiguration section */

/* Begin XCConfigurationList section */
		AC6EF19F23A546D700D6A986 /* Build configuration list for PBXProject "SwiftUIPractice" */ = {
			isa = XCConfigurationList;
			buildConfigurations = (
				AC6EF1CC23A546DA00D6A986 /* Debug */,
				AC6EF1CD23A546DA00D6A986 /* Release */,
			);
			defaultConfigurationIsVisible = 0;
			defaultConfigurationName = Release;
		};
		AC6EF1CE23A546DA00D6A986 /* Build configuration list for PBXNativeTarget "SwiftUIPractice" */ = {
			isa = XCConfigurationList;
			buildConfigurations = (
				AC6EF1CF23A546DA00D6A986 /* Debug */,
				AC6EF1D023A546DA00D6A986 /* Release */,
			);
			defaultConfigurationIsVisible = 0;
			defaultConfigurationName = Release;
		};
		AC6EF1D123A546DA00D6A986 /* Build configuration list for PBXNativeTarget "SwiftUIPracticeTests" */ = {
			isa = XCConfigurationList;
			buildConfigurations = (
				AC6EF1D223A546DA00D6A986 /* Debug */,
				AC6EF1D323A546DA00D6A986 /* Release */,
			);
			defaultConfigurationIsVisible = 0;
			defaultConfigurationName = Release;
		};
		AC6EF1D423A546DA00D6A986 /* Build configuration list for PBXNativeTarget "SwiftUIPracticeUITests" */ = {
			isa = XCConfigurationList;
			buildConfigurations = (
				AC6EF1D523A546DA00D6A986 /* Debug */,
				AC6EF1D623A546DA00D6A986 /* Release */,
			);
			defaultConfigurationIsVisible = 0;
			defaultConfigurationName = Release;
		};
/* End XCConfigurationList section */
	};
	rootObject = AC6EF19C23A546D700D6A986 /* Project object */;
}
